// !$*UTF8*$!
{
	archiveVersion = 1;
	classes = {
	};
	objectVersion = 46;
	objects = {

/* Begin PBXBuildFile section */
		7523C3D61F0414DF002F714E /* AppDelegate.swift in Sources */ = {isa = PBXBuildFile; fileRef = 7523C3D51F0414DF002F714E /* AppDelegate.swift */; };
		7523C3D81F0414DF002F714E /* ViewController.swift in Sources */ = {isa = PBXBuildFile; fileRef = 7523C3D71F0414DF002F714E /* ViewController.swift */; };
		7523C3DB1F0414DF002F714E /* Main.storyboard in Resources */ = {isa = PBXBuildFile; fileRef = 7523C3D91F0414DF002F714E /* Main.storyboard */; };
		7523C3DD1F0414DF002F714E /* Assets.xcassets in Resources */ = {isa = PBXBuildFile; fileRef = 7523C3DC1F0414DF002F714E /* Assets.xcassets */; };
		7523C3E01F0414DF002F714E /* LaunchScreen.storyboard in Resources */ = {isa = PBXBuildFile; fileRef = 7523C3DE1F0414DF002F714E /* LaunchScreen.storyboard */; };
		7523C3EB1F0414E0002F714E /* BarsDrawerTests.swift in Sources */ = {isa = PBXBuildFile; fileRef = 7523C3EA1F0414E0002F714E /* BarsDrawerTests.swift */; };
		7523C3F61F041503002F714E /* ColoredBarsDrawer.swift in Sources */ = {isa = PBXBuildFile; fileRef = 7523C3F51F041503002F714E /* ColoredBarsDrawer.swift */; };
/* End PBXBuildFile section */

/* Begin PBXContainerItemProxy section */
		7523C3E71F0414E0002F714E /* PBXContainerItemProxy */ = {
			isa = PBXContainerItemProxy;
			containerPortal = 7523C3CA1F0414DF002F714E /* Project object */;
			proxyType = 1;
			remoteGlobalIDString = 7523C3D11F0414DF002F714E;
			remoteInfo = BarsDrawer;
		};
/* End PBXContainerItemProxy section */

/* Begin PBXFileReference section */
		7523C3D21F0414DF002F714E /* BarsDrawer.app */ = {isa = PBXFileReference; explicitFileType = wrapper.application; includeInIndex = 0; path = BarsDrawer.app; sourceTree = BUILT_PRODUCTS_DIR; };
		7523C3D51F0414DF002F714E /* AppDelegate.swift */ = {isa = PBXFileReference; lastKnownFileType = sourcecode.swift; path = AppDelegate.swift; sourceTree = "<group>"; };
		7523C3D71F0414DF002F714E /* ViewController.swift */ = {isa = PBXFileReference; lastKnownFileType = sourcecode.swift; path = ViewController.swift; sourceTree = "<group>"; };
		7523C3DA1F0414DF002F714E /* Base */ = {isa = PBXFileReference; lastKnownFileType = file.storyboard; name = Base; path = Base.lproj/Main.storyboard; sourceTree = "<group>"; };
		7523C3DC1F0414DF002F714E /* Assets.xcassets */ = {isa = PBXFileReference; lastKnownFileType = folder.assetcatalog; path = Assets.xcassets; sourceTree = "<group>"; };
		7523C3DF1F0414DF002F714E /* Base */ = {isa = PBXFileReference; lastKnownFileType = file.storyboard; name = Base; path = Base.lproj/LaunchScreen.storyboard; sourceTree = "<group>"; };
		7523C3E11F0414DF002F714E /* Info.plist */ = {isa = PBXFileReference; lastKnownFileType = text.plist.xml; path = Info.plist; sourceTree = "<group>"; };
		7523C3E61F0414E0002F714E /* BarsDrawerTests.xctest */ = {isa = PBXFileReference; explicitFileType = wrapper.cfbundle; includeInIndex = 0; path = BarsDrawerTests.xctest; sourceTree = BUILT_PRODUCTS_DIR; };
		7523C3EA1F0414E0002F714E /* BarsDrawerTests.swift */ = {isa = PBXFileReference; lastKnownFileType = sourcecode.swift; path = BarsDrawerTests.swift; sourceTree = "<group>"; };
		7523C3EC1F0414E0002F714E /* Info.plist */ = {isa = PBXFileReference; lastKnownFileType = text.plist.xml; path = Info.plist; sourceTree = "<group>"; };
		7523C3F51F041503002F714E /* ColoredBarsDrawer.swift */ = {isa = PBXFileReference; fileEncoding = 4; lastKnownFileType = sourcecode.swift; path = ColoredBarsDrawer.swift; sourceTree = "<group>"; };
/* End PBXFileReference section */

/* Begin PBXFrameworksBuildPhase section */
		7523C3CF1F0414DF002F714E /* Frameworks */ = {
			isa = PBXFrameworksBuildPhase;
			buildActionMask = 2147483647;
			files = (
			);
			runOnlyForDeploymentPostprocessing = 0;
		};
		7523C3E31F0414E0002F714E /* Frameworks */ = {
			isa = PBXFrameworksBuildPhase;
			buildActionMask = 2147483647;
			files = (
			);
			runOnlyForDeploymentPostprocessing = 0;
		};
/* End PBXFrameworksBuildPhase section */

/* Begin PBXGroup section */
		7523C3C91F0414DF002F714E = {
			isa = PBXGroup;
			children = (
				7523C3D41F0414DF002F714E /* BarsDrawer */,
				7523C3E91F0414E0002F714E /* BarsDrawerTests */,
				7523C3D31F0414DF002F714E /* Products */,
			);
			sourceTree = "<group>";
		};
		7523C3D31F0414DF002F714E /* Products */ = {
			isa = PBXGroup;
			children = (
				7523C3D21F0414DF002F714E /* BarsDrawer.app */,
				7523C3E61F0414E0002F714E /* BarsDrawerTests.xctest */,
			);
			name = Products;
			sourceTree = "<group>";
		};
		7523C3D41F0414DF002F714E /* BarsDrawer */ = {
			isa = PBXGroup;
			children = (
				7523C3D51F0414DF002F714E /* AppDelegate.swift */,
				7523C3D71F0414DF002F714E /* ViewController.swift */,
				7523C3D91F0414DF002F714E /* Main.storyboard */,
				7523C3DC1F0414DF002F714E /* Assets.xcassets */,
				7523C3DE1F0414DF002F714E /* LaunchScreen.storyboard */,
				7523C3E11F0414DF002F714E /* Info.plist */,
				7523C3F51F041503002F714E /* ColoredBarsDrawer.swift */,
			);
			path = BarsDrawer;
			sourceTree = "<group>";
		};
		7523C3E91F0414E0002F714E /* BarsDrawerTests */ = {
			isa = PBXGroup;
			children = (
				7523C3EA1F0414E0002F714E /* BarsDrawerTests.swift */,
				7523C3EC1F0414E0002F714E /* Info.plist */,
			);
			path = BarsDrawerTests;
			sourceTree = "<group>";
		};
/* End PBXGroup section */

/* Begin PBXNativeTarget section */
		7523C3D11F0414DF002F714E /* BarsDrawer */ = {
			isa = PBXNativeTarget;
			buildConfigurationList = 7523C3EF1F0414E0002F714E /* Build configuration list for PBXNativeTarget "BarsDrawer" */;
			buildPhases = (
				7523C3CE1F0414DF002F714E /* Sources */,
				7523C3CF1F0414DF002F714E /* Frameworks */,
				7523C3D01F0414DF002F714E /* Resources */,
			);
			buildRules = (
			);
			dependencies = (
			);
			name = BarsDrawer;
			productName = BarsDrawer;
			productReference = 7523C3D21F0414DF002F714E /* BarsDrawer.app */;
			productType = "com.apple.product-type.application";
		};
		7523C3E51F0414E0002F714E /* BarsDrawerTests */ = {
			isa = PBXNativeTarget;
			buildConfigurationList = 7523C3F21F0414E0002F714E /* Build configuration list for PBXNativeTarget "BarsDrawerTests" */;
			buildPhases = (
				7523C3E21F0414E0002F714E /* Sources */,
				7523C3E31F0414E0002F714E /* Frameworks */,
				7523C3E41F0414E0002F714E /* Resources */,
			);
			buildRules = (
			);
			dependencies = (
				7523C3E81F0414E0002F714E /* PBXTargetDependency */,
			);
			name = BarsDrawerTests;
			productName = BarsDrawerTests;
			productReference = 7523C3E61F0414E0002F714E /* BarsDrawerTests.xctest */;
			productType = "com.apple.product-type.bundle.unit-test";
		};
/* End PBXNativeTarget section */

/* Begin PBXProject section */
		7523C3CA1F0414DF002F714E /* Project object */ = {
			isa = PBXProject;
			attributes = {
				LastSwiftUpdateCheck = 0830;
				LastUpgradeCheck = 0830;
				ORGANIZATIONNAME = Viktoria;
				TargetAttributes = {
					7523C3D11F0414DF002F714E = {
						CreatedOnToolsVersion = 8.3.2;
						DevelopmentTeam = WVZ5Q86439;
						ProvisioningStyle = Automatic;
					};
					7523C3E51F0414E0002F714E = {
						CreatedOnToolsVersion = 8.3.2;
						DevelopmentTeam = WVZ5Q86439;
						ProvisioningStyle = Automatic;
						TestTargetID = 7523C3D11F0414DF002F714E;
					};
				};
			};
			buildConfigurationList = 7523C3CD1F0414DF002F714E /* Build configuration list for PBXProject "BarsDrawer" */;
			compatibilityVersion = "Xcode 3.2";
			developmentRegion = English;
			hasScannedForEncodings = 0;
			knownRegions = (
				en,
				Base,
			);
			mainGroup = 7523C3C91F0414DF002F714E;
			productRefGroup = 7523C3D31F0414DF002F714E /* Products */;
			projectDirPath = "";
			projectRoot = "";
			targets = (
				7523C3D11F0414DF002F714E /* BarsDrawer */,
				7523C3E51F0414E0002F714E /* BarsDrawerTests */,
			);
		};
/* End PBXProject section */

/* Begin PBXResourcesBuildPhase section */
		7523C3D01F0414DF002F714E /* Resources */ = {
			isa = PBXResourcesBuildPhase;
			buildActionMask = 2147483647;
			files = (
				7523C3E01F0414DF002F714E /* LaunchScreen.storyboard in Resources */,
				7523C3DD1F0414DF002F714E /* Assets.xcassets in Resources */,
				7523C3DB1F0414DF002F714E /* Main.storyboard in Resources */,
			);
			runOnlyForDeploymentPostprocessing = 0;
		};
		7523C3E41F0414E0002F714E /* Resources */ = {
			isa = PBXResourcesBuildPhase;
			buildActionMask = 2147483647;
			files = (
			);
			runOnlyForDeploymentPostprocessing = 0;
		};
/* End PBXResourcesBuildPhase section */

/* Begin PBXSourcesBuildPhase section */
		7523C3CE1F0414DF002F714E /* Sources */ = {
			isa = PBXSourcesBuildPhase;
			buildActionMask = 2147483647;
			files = (
				7523C3D81F0414DF002F714E /* ViewController.swift in Sources */,
				7523C3D61F0414DF002F714E /* AppDelegate.swift in Sources */,
				7523C3F61F041503002F714E /* ColoredBarsDrawer.swift in Sources */,
			);
			runOnlyForDeploymentPostprocessing = 0;
		};
		7523C3E21F0414E0002F714E /* Sources */ = {
			isa = PBXSourcesBuildPhase;
			buildActionMask = 2147483647;
			files = (
				7523C3EB1F0414E0002F714E /* BarsDrawerTests.swift in Sources */,
			);
			runOnlyForDeploymentPostprocessing = 0;
		};
/* End PBXSourcesBuildPhase section */

/* Begin PBXTargetDependency section */
		7523C3E81F0414E0002F714E /* PBXTargetDependency */ = {
			isa = PBXTargetDependency;
			target = 7523C3D11F0414DF002F714E /* BarsDrawer */;
			targetProxy = 7523C3E71F0414E0002F714E /* PBXContainerItemProxy */;
		};
/* End PBXTargetDependency section */

/* Begin PBXVariantGroup section */
		7523C3D91F0414DF002F714E /* Main.storyboard */ = {
			isa = PBXVariantGroup;
			children = (
				7523C3DA1F0414DF002F714E /* Base */,
			);
			name = Main.storyboard;
			sourceTree = "<group>";
		};
		7523C3DE1F0414DF002F714E /* LaunchScreen.storyboard */ = {
			isa = PBXVariantGroup;
			children = (
				7523C3DF1F0414DF002F714E /* Base */,
			);
			name = LaunchScreen.storyboard;
			sourceTree = "<group>";
		};
/* End PBXVariantGroup section */

/* Begin XCBuildConfiguration section */
		7523C3ED1F0414E0002F714E /* Debug */ = {
			isa = XCBuildConfiguration;
			buildSettings = {
				ALWAYS_SEARCH_USER_PATHS = NO;
				CLANG_ANALYZER_NONNULL = YES;
				CLANG_ANALYZER_NUMBER_OBJECT_CONVERSION = YES_AGGRESSIVE;
				CLANG_CXX_LANGUAGE_STANDARD = "gnu++0x";
				CLANG_CXX_LIBRARY = "libc++";
				CLANG_ENABLE_MODULES = YES;
				CLANG_ENABLE_OBJC_ARC = YES;
				CLANG_WARN_BOOL_CONVERSION = YES;
				CLANG_WARN_CONSTANT_CONVERSION = YES;
				CLANG_WARN_DIRECT_OBJC_ISA_USAGE = YES_ERROR;
				CLANG_WARN_DOCUMENTATION_COMMENTS = YES;
				CLANG_WARN_EMPTY_BODY = YES;
				CLANG_WARN_ENUM_CONVERSION = YES;
				CLANG_WARN_INFINITE_RECURSION = YES;
				CLANG_WARN_INT_CONVERSION = YES;
				CLANG_WARN_OBJC_ROOT_CLASS = YES_ERROR;
				CLANG_WARN_SUSPICIOUS_MOVE = YES;
				CLANG_WARN_UNREACHABLE_CODE = YES;
				CLANG_WARN__DUPLICATE_METHOD_MATCH = YES;
				"CODE_SIGN_IDENTITY[sdk=iphoneos*]" = "iPhone Developer";
				COPY_PHASE_STRIP = NO;
				DEBUG_INFORMATION_FORMAT = dwarf;
				ENABLE_STRICT_OBJC_MSGSEND = YES;
				ENABLE_TESTABILITY = YES;
				GCC_C_LANGUAGE_STANDARD = gnu99;
				GCC_DYNAMIC_NO_PIC = NO;
				GCC_NO_COMMON_BLOCKS = YES;
				GCC_OPTIMIZATION_LEVEL = 0;
				GCC_PREPROCESSOR_DEFINITIONS = (
					"DEBUG=1",
					"$(inherited)",
				);
				GCC_WARN_64_TO_32_BIT_CONVERSION = YES;
				GCC_WARN_ABOUT_RETURN_TYPE = YES_ERROR;
				GCC_WARN_UNDECLARED_SELECTOR = YES;
				GCC_WARN_UNINITIALIZED_AUTOS = YES_AGGRESSIVE;
				GCC_WARN_UNUSED_FUNCTION = YES;
				GCC_WARN_UNUSED_VARIABLE = YES;
				IPHONEOS_DEPLOYMENT_TARGET = 10.3;
				MTL_ENABLE_DEBUG_INFO = YES;
				ONLY_ACTIVE_ARCH = YES;
				SDKROOT = iphoneos;
				SWIFT_ACTIVE_COMPILATION_CONDITIONS = DEBUG;
				SWIFT_OPTIMIZATION_LEVEL = "-Onone";
				TARGETED_DEVICE_FAMILY = "1,2";
			};
			name = Debug;
		};
		7523C3EE1F0414E0002F714E /* Release */ = {
			isa = XCBuildConfiguration;
			buildSettings = {
				ALWAYS_SEARCH_USER_PATHS = NO;
				CLANG_ANALYZER_NONNULL = YES;
				CLANG_ANALYZER_NUMBER_OBJECT_CONVERSION = YES_AGGRESSIVE;
				CLANG_CXX_LANGUAGE_STANDARD = "gnu++0x";
				CLANG_CXX_LIBRARY = "libc++";
				CLANG_ENABLE_MODULES = YES;
				CLANG_ENABLE_OBJC_ARC = YES;
				CLANG_WARN_BOOL_CONVERSION = YES;
				CLANG_WARN_CONSTANT_CONVERSION = YES;
				CLANG_WARN_DIRECT_OBJC_ISA_USAGE = YES_ERROR;
				CLANG_WARN_DOCUMENTATION_COMMENTS = YES;
				CLANG_WARN_EMPTY_BODY = YES;
				CLANG_WARN_ENUM_CONVERSION = YES;
				CLANG_WARN_INFINITE_RECURSION = YES;
				CLANG_WARN_INT_CONVERSION = YES;
				CLANG_WARN_OBJC_ROOT_CLASS = YES_ERROR;
				CLANG_WARN_SUSPICIOUS_MOVE = YES;
				CLANG_WARN_UNREACHABLE_CODE = YES;
				CLANG_WARN__DUPLICATE_METHOD_MATCH = YES;
				"CODE_SIGN_IDENTITY[sdk=iphoneos*]" = "iPhone Developer";
				COPY_PHASE_STRIP = NO;
				DEBUG_INFORMATION_FORMAT = "dwarf-with-dsym";
				ENABLE_NS_ASSERTIONS = NO;
				ENABLE_STRICT_OBJC_MSGSEND = YES;
				GCC_C_LANGUAGE_STANDARD = gnu99;
				GCC_NO_COMMON_BLOCKS = YES;
				GCC_WARN_64_TO_32_BIT_CONVERSION = YES;
				GCC_WARN_ABOUT_RETURN_TYPE = YES_ERROR;
				GCC_WARN_UNDECLARED_SELECTOR = YES;
				GCC_WARN_UNINITIALIZED_AUTOS = YES_AGGRESSIVE;
				GCC_WARN_UNUSED_FUNCTION = YES;
				GCC_WARN_UNUSED_VARIABLE = YES;
				IPHONEOS_DEPLOYMENT_TARGET = 10.3;
				MTL_ENABLE_DEBUG_INFO = NO;
				SDKROOT = iphoneos;
				SWIFT_OPTIMIZATION_LEVEL = "-Owholemodule";
				TARGETED_DEVICE_FAMILY = "1,2";
				VALIDATE_PRODUCT = YES;
			};
			name = Release;
		};
		7523C3F01F0414E0002F714E /* Debug */ = {
			isa = XCBuildConfiguration;
			buildSettings = {
				ASSETCATALOG_COMPILER_APPICON_NAME = AppIcon;
				DEVELOPMENT_TEAM = WVZ5Q86439;
				INFOPLIST_FILE = BarsDrawer/Info.plist;
				LD_RUNPATH_SEARCH_PATHS = "$(inherited) @executable_path/Frameworks";
				PRODUCT_BUNDLE_IDENTIFIER = "-.BarsDrawer";
				PRODUCT_NAME = "$(TARGET_NAME)";
				SWIFT_VERSION = 3.0;
			};
			name = Debug;
		};
		7523C3F11F0414E0002F714E /* Release */ = {
			isa = XCBuildConfiguration;
			buildSettings = {
				ASSETCATALOG_COMPILER_APPICON_NAME = AppIcon;
				DEVELOPMENT_TEAM = WVZ5Q86439;
				INFOPLIST_FILE = BarsDrawer/Info.plist;
				LD_RUNPATH_SEARCH_PATHS = "$(inherited) @executable_path/Frameworks";
				PRODUCT_BUNDLE_IDENTIFIER = "-.BarsDrawer";
				PRODUCT_NAME = "$(TARGET_NAME)";
				SWIFT_VERSION = 3.0;
			};
			name = Release;
		};
		7523C3F31F0414E0002F714E /* Debug */ = {
			isa = XCBuildConfiguration;
			buildSettings = {
				ALWAYS_EMBED_SWIFT_STANDARD_LIBRARIES = YES;
				BUNDLE_LOADER = "$(TEST_HOST)";
				DEVELOPMENT_TEAM = WVZ5Q86439;
				INFOPLIST_FILE = BarsDrawerTests/Info.plist;
				LD_RUNPATH_SEARCH_PATHS = "$(inherited) @executable_path/Frameworks @loader_path/Frameworks";
				PRODUCT_BUNDLE_IDENTIFIER = "-.BarsDrawerTests";
				PRODUCT_NAME = "$(TARGET_NAME)";
				SWIFT_VERSION = 3.0;
				TEST_HOST = "$(BUILT_PRODUCTS_DIR)/BarsDrawer.app/BarsDrawer";
			};
			name = Debug;
		};
		7523C3F41F0414E0002F714E /* Release */ = {
			isa = XCBuildConfiguration;
			buildSettings = {
				ALWAYS_EMBED_SWIFT_STANDARD_LIBRARIES = YES;
				BUNDLE_LOADER = "$(TEST_HOST)";
				DEVELOPMENT_TEAM = WVZ5Q86439;
				INFOPLIST_FILE = BarsDrawerTests/Info.plist;
				LD_RUNPATH_SEARCH_PATHS = "$(inherited) @executable_path/Frameworks @loader_path/Frameworks";
				PRODUCT_BUNDLE_IDENTIFIER = "-.BarsDrawerTests";
				PRODUCT_NAME = "$(TARGET_NAME)";
				SWIFT_VERSION = 3.0;
				TEST_HOST = "$(BUILT_PRODUCTS_DIR)/BarsDrawer.app/BarsDrawer";
			};
			name = Release;
		};
/* End XCBuildConfiguration section */

/* Begin XCConfigurationList section */
		7523C3CD1F0414DF002F714E /* Build configuration list for PBXProject "BarsDrawer" */ = {
			isa = XCConfigurationList;
			buildConfigurations = (
				7523C3ED1F0414E0002F714E /* Debug */,
				7523C3EE1F0414E0002F714E /* Release */,
			);
			defaultConfigurationIsVisible = 0;
			defaultConfigurationName = Release;
		};
		7523C3EF1F0414E0002F714E /* Build configuration list for PBXNativeTarget "BarsDrawer" */ = {
			isa = XCConfigurationList;
			buildConfigurations = (
				7523C3F01F0414E0002F714E /* Debug */,
				7523C3F11F0414E0002F714E /* Release */,
			);
			defaultConfigurationIsVisible = 0;
		};
		7523C3F21F0414E0002F714E /* Build configuration list for PBXNativeTarget "BarsDrawerTests" */ = {
			isa = XCConfigurationList;
			buildConfigurations = (
				7523C3F31F0414E0002F714E /* Debug */,
				7523C3F41F0414E0002F714E /* Release */,
			);
			defaultConfigurationIsVisible = 0;
		};
/* End XCConfigurationList section */
	};
	rootObject = 7523C3CA1F0414DF002F714E /* Project object */;
}
