// !$*UTF8*$!
{
	archiveVersion = 1;
	classes = {
	};
	objectVersion = 46;
	objects = {

/* Begin PBXBuildFile section */
		75220F9C1F0A6C5D0083F823 /* Tom.png in Resources */ = {isa = PBXBuildFile; fileRef = 75220F9B1F0A6C5D0083F823 /* Tom.png */; };
		75220FA11F0A897D0083F823 /* Context.swift in Sources */ = {isa = PBXBuildFile; fileRef = 75220FA01F0A897D0083F823 /* Context.swift */; };
		75220FAB1F0AB2070083F823 /* ImageDataFromInternet.swift in Sources */ = {isa = PBXBuildFile; fileRef = 75220FAA1F0AB2070083F823 /* ImageDataFromInternet.swift */; };
		75220FB21F0AB5B50083F823 /* Alamofire.framework in Frameworks */ = {isa = PBXBuildFile; fileRef = 75220FB11F0AB5B50083F823 /* Alamofire.framework */; };
		75220FB71F0AECCC0083F823 /* MainViewController.swift in Sources */ = {isa = PBXBuildFile; fileRef = 75220FB61F0AECCC0083F823 /* MainViewController.swift */; };
		75B565171F3099C300F0F18F /* .swiftlint.yml in Resources */ = {isa = PBXBuildFile; fileRef = 75B565161F3099C300F0F18F /* .swiftlint.yml */; };
		75C7B90A1F0C15950089D979 /* BorderedButton.swift in Sources */ = {isa = PBXBuildFile; fileRef = 75C7B9091F0C15950089D979 /* BorderedButton.swift */; };
		75E15E031F099E320071DBF1 /* jerry.png in Resources */ = {isa = PBXBuildFile; fileRef = 75E15E021F099E320071DBF1 /* jerry.png */; };
		75E3FD5F1F04E50D00D9879B /* AppDelegate.swift in Sources */ = {isa = PBXBuildFile; fileRef = 75E3FD5E1F04E50D00D9879B /* AppDelegate.swift */; };
		75E3FD611F04E50D00D9879B /* ViewController.swift in Sources */ = {isa = PBXBuildFile; fileRef = 75E3FD601F04E50D00D9879B /* ViewController.swift */; };
		75E3FD641F04E50D00D9879B /* Main.storyboard in Resources */ = {isa = PBXBuildFile; fileRef = 75E3FD621F04E50D00D9879B /* Main.storyboard */; };
		75E3FD661F04E50D00D9879B /* Assets.xcassets in Resources */ = {isa = PBXBuildFile; fileRef = 75E3FD651F04E50D00D9879B /* Assets.xcassets */; };
		75E3FD691F04E50D00D9879B /* LaunchScreen.storyboard in Resources */ = {isa = PBXBuildFile; fileRef = 75E3FD671F04E50D00D9879B /* LaunchScreen.storyboard */; };
		75E3FD741F04E50D00D9879B /* makeImageMosaicTests.swift in Sources */ = {isa = PBXBuildFile; fileRef = 75E3FD731F04E50D00D9879B /* makeImageMosaicTests.swift */; };
		75E3FD801F04E54400D9879B /* mickey_shy.gif in Resources */ = {isa = PBXBuildFile; fileRef = 75E3FD7F1F04E54400D9879B /* mickey_shy.gif */; };
		75E3FD821F05071A00D9879B /* MosaicMaker.swift in Sources */ = {isa = PBXBuildFile; fileRef = 75E3FD811F05071A00D9879B /* MosaicMaker.swift */; };
/* End PBXBuildFile section */

/* Begin PBXContainerItemProxy section */
		75E3FD701F04E50D00D9879B /* PBXContainerItemProxy */ = {
			isa = PBXContainerItemProxy;
			containerPortal = 75E3FD531F04E50D00D9879B /* Project object */;
			proxyType = 1;
			remoteGlobalIDString = 75E3FD5A1F04E50D00D9879B;
			remoteInfo = makeImageMosaic;
		};
/* End PBXContainerItemProxy section */

/* Begin PBXFileReference section */
		75220F9B1F0A6C5D0083F823 /* Tom.png */ = {isa = PBXFileReference; lastKnownFileType = image.png; path = Tom.png; sourceTree = "<group>"; };
		75220FA01F0A897D0083F823 /* Context.swift */ = {isa = PBXFileReference; fileEncoding = 4; lastKnownFileType = sourcecode.swift; path = Context.swift; sourceTree = "<group>"; };
		75220FAA1F0AB2070083F823 /* ImageDataFromInternet.swift */ = {isa = PBXFileReference; fileEncoding = 4; lastKnownFileType = sourcecode.swift; path = ImageDataFromInternet.swift; sourceTree = "<group>"; };
		75220FB11F0AB5B50083F823 /* Alamofire.framework */ = {isa = PBXFileReference; lastKnownFileType = wrapper.framework; name = Alamofire.framework; path = Carthage/Build/iOS/Alamofire.framework; sourceTree = "<group>"; };
		75220FB61F0AECCC0083F823 /* MainViewController.swift */ = {isa = PBXFileReference; fileEncoding = 4; lastKnownFileType = sourcecode.swift; path = MainViewController.swift; sourceTree = "<group>"; };
		75B565161F3099C300F0F18F /* .swiftlint.yml */ = {isa = PBXFileReference; fileEncoding = 4; lastKnownFileType = text; path = .swiftlint.yml; sourceTree = "<group>"; };
		75C7B9091F0C15950089D979 /* BorderedButton.swift */ = {isa = PBXFileReference; fileEncoding = 4; lastKnownFileType = sourcecode.swift; path = BorderedButton.swift; sourceTree = "<group>"; };
		75E15E021F099E320071DBF1 /* jerry.png */ = {isa = PBXFileReference; lastKnownFileType = image.png; path = jerry.png; sourceTree = "<group>"; };
		75E3FD5B1F04E50D00D9879B /* makeImageMosaic.app */ = {isa = PBXFileReference; explicitFileType = wrapper.application; includeInIndex = 0; path = makeImageMosaic.app; sourceTree = BUILT_PRODUCTS_DIR; };
		75E3FD5E1F04E50D00D9879B /* AppDelegate.swift */ = {isa = PBXFileReference; lastKnownFileType = sourcecode.swift; path = AppDelegate.swift; sourceTree = "<group>"; };
		75E3FD601F04E50D00D9879B /* ViewController.swift */ = {isa = PBXFileReference; lastKnownFileType = sourcecode.swift; path = ViewController.swift; sourceTree = "<group>"; };
		75E3FD631F04E50D00D9879B /* Base */ = {isa = PBXFileReference; lastKnownFileType = file.storyboard; name = Base; path = Base.lproj/Main.storyboard; sourceTree = "<group>"; };
		75E3FD651F04E50D00D9879B /* Assets.xcassets */ = {isa = PBXFileReference; lastKnownFileType = folder.assetcatalog; path = Assets.xcassets; sourceTree = "<group>"; };
		75E3FD681F04E50D00D9879B /* Base */ = {isa = PBXFileReference; lastKnownFileType = file.storyboard; name = Base; path = Base.lproj/LaunchScreen.storyboard; sourceTree = "<group>"; };
		75E3FD6A1F04E50D00D9879B /* Info.plist */ = {isa = PBXFileReference; lastKnownFileType = text.plist.xml; path = Info.plist; sourceTree = "<group>"; };
		75E3FD6F1F04E50D00D9879B /* makeImageMosaicTests.xctest */ = {isa = PBXFileReference; explicitFileType = wrapper.cfbundle; includeInIndex = 0; path = makeImageMosaicTests.xctest; sourceTree = BUILT_PRODUCTS_DIR; };
		75E3FD731F04E50D00D9879B /* makeImageMosaicTests.swift */ = {isa = PBXFileReference; lastKnownFileType = sourcecode.swift; path = makeImageMosaicTests.swift; sourceTree = "<group>"; };
		75E3FD751F04E50D00D9879B /* Info.plist */ = {isa = PBXFileReference; lastKnownFileType = text.plist.xml; path = Info.plist; sourceTree = "<group>"; };
		75E3FD7F1F04E54400D9879B /* mickey_shy.gif */ = {isa = PBXFileReference; lastKnownFileType = image.gif; path = mickey_shy.gif; sourceTree = "<group>"; };
		75E3FD811F05071A00D9879B /* MosaicMaker.swift */ = {isa = PBXFileReference; fileEncoding = 4; lastKnownFileType = sourcecode.swift; path = MosaicMaker.swift; sourceTree = "<group>"; };
/* End PBXFileReference section */

/* Begin PBXFrameworksBuildPhase section */
		75E3FD581F04E50D00D9879B /* Frameworks */ = {
			isa = PBXFrameworksBuildPhase;
			buildActionMask = 2147483647;
			files = (
				75220FB21F0AB5B50083F823 /* Alamofire.framework in Frameworks */,
			);
			runOnlyForDeploymentPostprocessing = 0;
		};
		75E3FD6C1F04E50D00D9879B /* Frameworks */ = {
			isa = PBXFrameworksBuildPhase;
			buildActionMask = 2147483647;
			files = (
			);
			runOnlyForDeploymentPostprocessing = 0;
		};
/* End PBXFrameworksBuildPhase section */

/* Begin PBXGroup section */
		75220F9F1F0A89610083F823 /* Utils */ = {
			isa = PBXGroup;
			children = (
				75220FA01F0A897D0083F823 /* Context.swift */,
			);
			name = Utils;
			sourceTree = "<group>";
		};
		75220FB01F0AB5B50083F823 /* Frameworks */ = {
			isa = PBXGroup;
			children = (
				75220FB11F0AB5B50083F823 /* Alamofire.framework */,
			);
			name = Frameworks;
			sourceTree = "<group>";
		};
		75E3FD521F04E50D00D9879B = {
			isa = PBXGroup;
			children = (
				75E3FD5D1F04E50D00D9879B /* makeImageMosaic */,
				75E3FD721F04E50D00D9879B /* makeImageMosaicTests */,
				75E3FD5C1F04E50D00D9879B /* Products */,
				75220FB01F0AB5B50083F823 /* Frameworks */,
			);
			sourceTree = "<group>";
		};
		75E3FD5C1F04E50D00D9879B /* Products */ = {
			isa = PBXGroup;
			children = (
				75E3FD5B1F04E50D00D9879B /* makeImageMosaic.app */,
				75E3FD6F1F04E50D00D9879B /* makeImageMosaicTests.xctest */,
			);
			name = Products;
			sourceTree = "<group>";
		};
		75E3FD5D1F04E50D00D9879B /* makeImageMosaic */ = {
			isa = PBXGroup;
			children = (
				75220F9F1F0A89610083F823 /* Utils */,
				75E3FD7E1F04E52800D9879B /* Resources */,
				75E3FD5E1F04E50D00D9879B /* AppDelegate.swift */,
				75E3FD601F04E50D00D9879B /* ViewController.swift */,
				75E3FD621F04E50D00D9879B /* Main.storyboard */,
				75E3FD651F04E50D00D9879B /* Assets.xcassets */,
				75E3FD671F04E50D00D9879B /* LaunchScreen.storyboard */,
				75E3FD6A1F04E50D00D9879B /* Info.plist */,
				75E3FD811F05071A00D9879B /* MosaicMaker.swift */,
				75220FAA1F0AB2070083F823 /* ImageDataFromInternet.swift */,
				75220FB61F0AECCC0083F823 /* MainViewController.swift */,
				75C7B9091F0C15950089D979 /* BorderedButton.swift */,
				75B565161F3099C300F0F18F /* .swiftlint.yml */,
			);
			path = makeImageMosaic;
			sourceTree = "<group>";
		};
		75E3FD721F04E50D00D9879B /* makeImageMosaicTests */ = {
			isa = PBXGroup;
			children = (
				75E3FD731F04E50D00D9879B /* makeImageMosaicTests.swift */,
				75E3FD751F04E50D00D9879B /* Info.plist */,
			);
			path = makeImageMosaicTests;
			sourceTree = "<group>";
		};
		75E3FD7E1F04E52800D9879B /* Resources */ = {
			isa = PBXGroup;
			children = (
				75E15E021F099E320071DBF1 /* jerry.png */,
				75220F9B1F0A6C5D0083F823 /* Tom.png */,
				75E3FD7F1F04E54400D9879B /* mickey_shy.gif */,
			);
			name = Resources;
			sourceTree = "<group>";
		};
/* End PBXGroup section */

/* Begin PBXNativeTarget section */
		75E3FD5A1F04E50D00D9879B /* makeImageMosaic */ = {
			isa = PBXNativeTarget;
			buildConfigurationList = 75E3FD781F04E50D00D9879B /* Build configuration list for PBXNativeTarget "makeImageMosaic" */;
			buildPhases = (
				75E3FD571F04E50D00D9879B /* Sources */,
				75E3FD581F04E50D00D9879B /* Frameworks */,
				75E3FD591F04E50D00D9879B /* Resources */,
				75220FB31F0AB5DB0083F823 /* ShellScript */,
			);
			buildRules = (
			);
			dependencies = (
			);
			name = makeImageMosaic;
			productName = makeImageMosaic;
			productReference = 75E3FD5B1F04E50D00D9879B /* makeImageMosaic.app */;
			productType = "com.apple.product-type.application";
		};
		75E3FD6E1F04E50D00D9879B /* makeImageMosaicTests */ = {
			isa = PBXNativeTarget;
			buildConfigurationList = 75E3FD7B1F04E50D00D9879B /* Build configuration list for PBXNativeTarget "makeImageMosaicTests" */;
			buildPhases = (
				75E3FD6B1F04E50D00D9879B /* Sources */,
				75E3FD6C1F04E50D00D9879B /* Frameworks */,
				75E3FD6D1F04E50D00D9879B /* Resources */,
			);
			buildRules = (
			);
			dependencies = (
				75E3FD711F04E50D00D9879B /* PBXTargetDependency */,
			);
			name = makeImageMosaicTests;
			productName = makeImageMosaicTests;
			productReference = 75E3FD6F1F04E50D00D9879B /* makeImageMosaicTests.xctest */;
			productType = "com.apple.product-type.bundle.unit-test";
		};
/* End PBXNativeTarget section */

/* Begin PBXProject section */
		75E3FD531F04E50D00D9879B /* Project object */ = {
			isa = PBXProject;
			attributes = {
				LastSwiftUpdateCheck = 0830;
				LastUpgradeCheck = 0830;
				ORGANIZATIONNAME = Viktoria;
				TargetAttributes = {
					75E3FD5A1F04E50D00D9879B = {
						CreatedOnToolsVersion = 8.3.2;
						DevelopmentTeam = WVZ5Q86439;
						ProvisioningStyle = Automatic;
					};
					75E3FD6E1F04E50D00D9879B = {
						CreatedOnToolsVersion = 8.3.2;
						DevelopmentTeam = WVZ5Q86439;
						ProvisioningStyle = Automatic;
						TestTargetID = 75E3FD5A1F04E50D00D9879B;
					};
				};
			};
			buildConfigurationList = 75E3FD561F04E50D00D9879B /* Build configuration list for PBXProject "makeImageMosaic" */;
			compatibilityVersion = "Xcode 3.2";
			developmentRegion = English;
			hasScannedForEncodings = 0;
			knownRegions = (
				en,
				Base,
			);
			mainGroup = 75E3FD521F04E50D00D9879B;
			productRefGroup = 75E3FD5C1F04E50D00D9879B /* Products */;
			projectDirPath = "";
			projectRoot = "";
			targets = (
				75E3FD5A1F04E50D00D9879B /* makeImageMosaic */,
				75E3FD6E1F04E50D00D9879B /* makeImageMosaicTests */,
			);
		};
/* End PBXProject section */

/* Begin PBXResourcesBuildPhase section */
		75E3FD591F04E50D00D9879B /* Resources */ = {
			isa = PBXResourcesBuildPhase;
			buildActionMask = 2147483647;
			files = (
				75E3FD691F04E50D00D9879B /* LaunchScreen.storyboard in Resources */,
				75E3FD661F04E50D00D9879B /* Assets.xcassets in Resources */,
				75220F9C1F0A6C5D0083F823 /* Tom.png in Resources */,
				75B565171F3099C300F0F18F /* .swiftlint.yml in Resources */,
				75E3FD641F04E50D00D9879B /* Main.storyboard in Resources */,
				75E15E031F099E320071DBF1 /* jerry.png in Resources */,
				75E3FD801F04E54400D9879B /* mickey_shy.gif in Resources */,
			);
			runOnlyForDeploymentPostprocessing = 0;
		};
		75E3FD6D1F04E50D00D9879B /* Resources */ = {
			isa = PBXResourcesBuildPhase;
			buildActionMask = 2147483647;
			files = (
			);
			runOnlyForDeploymentPostprocessing = 0;
		};
/* End PBXResourcesBuildPhase section */

/* Begin PBXShellScriptBuildPhase section */
		75220FB31F0AB5DB0083F823 /* ShellScript */ = {
			isa = PBXShellScriptBuildPhase;
			buildActionMask = 2147483647;
			files = (
			);
			inputPaths = (
				"$(SRCROOT)/Carthage/Build/iOS/Alamofire.framework",
			);
			outputPaths = (
			);
			runOnlyForDeploymentPostprocessing = 0;
			shellPath = /bin/sh;
			shellScript = "/usr/local/bin/carthage copy-frameworks";
		};
/* End PBXShellScriptBuildPhase section */

/* Begin PBXSourcesBuildPhase section */
		75E3FD571F04E50D00D9879B /* Sources */ = {
			isa = PBXSourcesBuildPhase;
			buildActionMask = 2147483647;
			files = (
				75220FAB1F0AB2070083F823 /* ImageDataFromInternet.swift in Sources */,
				75220FA11F0A897D0083F823 /* Context.swift in Sources */,
				75E3FD611F04E50D00D9879B /* ViewController.swift in Sources */,
				75220FB71F0AECCC0083F823 /* MainViewController.swift in Sources */,
				75E3FD821F05071A00D9879B /* MosaicMaker.swift in Sources */,
				75E3FD5F1F04E50D00D9879B /* AppDelegate.swift in Sources */,
				75C7B90A1F0C15950089D979 /* BorderedButton.swift in Sources */,
			);
			runOnlyForDeploymentPostprocessing = 0;
		};
		75E3FD6B1F04E50D00D9879B /* Sources */ = {
			isa = PBXSourcesBuildPhase;
			buildActionMask = 2147483647;
			files = (
				75E3FD741F04E50D00D9879B /* makeImageMosaicTests.swift in Sources */,
			);
			runOnlyForDeploymentPostprocessing = 0;
		};
/* End PBXSourcesBuildPhase section */

/* Begin PBXTargetDependency section */
		75E3FD711F04E50D00D9879B /* PBXTargetDependency */ = {
			isa = PBXTargetDependency;
			target = 75E3FD5A1F04E50D00D9879B /* makeImageMosaic */;
			targetProxy = 75E3FD701F04E50D00D9879B /* PBXContainerItemProxy */;
		};
/* End PBXTargetDependency section */

/* Begin PBXVariantGroup section */
		75E3FD621F04E50D00D9879B /* Main.storyboard */ = {
			isa = PBXVariantGroup;
			children = (
				75E3FD631F04E50D00D9879B /* Base */,
			);
			name = Main.storyboard;
			sourceTree = "<group>";
		};
		75E3FD671F04E50D00D9879B /* LaunchScreen.storyboard */ = {
			isa = PBXVariantGroup;
			children = (
				75E3FD681F04E50D00D9879B /* Base */,
			);
			name = LaunchScreen.storyboard;
			sourceTree = "<group>";
		};
/* End PBXVariantGroup section */

/* Begin XCBuildConfiguration section */
		75E3FD761F04E50D00D9879B /* Debug */ = {
			isa = XCBuildConfiguration;
			buildSettings = {
				ALWAYS_SEARCH_USER_PATHS = NO;
				CLANG_ANALYZER_NONNULL = YES;
				CLANG_ANALYZER_NUMBER_OBJECT_CONVERSION = YES_AGGRESSIVE;
				CLANG_CXX_LANGUAGE_STANDARD = "gnu++0x";
				CLANG_CXX_LIBRARY = "libc++";
				CLANG_ENABLE_MODULES = YES;
				CLANG_ENABLE_OBJC_ARC = YES;
				CLANG_WARN_BOOL_CONVERSION = YES;
				CLANG_WARN_CONSTANT_CONVERSION = YES;
				CLANG_WARN_DIRECT_OBJC_ISA_USAGE = YES_ERROR;
				CLANG_WARN_DOCUMENTATION_COMMENTS = YES;
				CLANG_WARN_EMPTY_BODY = YES;
				CLANG_WARN_ENUM_CONVERSION = YES;
				CLANG_WARN_INFINITE_RECURSION = YES;
				CLANG_WARN_INT_CONVERSION = YES;
				CLANG_WARN_OBJC_ROOT_CLASS = YES_ERROR;
				CLANG_WARN_SUSPICIOUS_MOVE = YES;
				CLANG_WARN_UNREACHABLE_CODE = YES;
				CLANG_WARN__DUPLICATE_METHOD_MATCH = YES;
				"CODE_SIGN_IDENTITY[sdk=iphoneos*]" = "iPhone Developer";
				COPY_PHASE_STRIP = NO;
				DEBUG_INFORMATION_FORMAT = dwarf;
				ENABLE_STRICT_OBJC_MSGSEND = YES;
				ENABLE_TESTABILITY = YES;
				GCC_C_LANGUAGE_STANDARD = gnu99;
				GCC_DYNAMIC_NO_PIC = NO;
				GCC_NO_COMMON_BLOCKS = YES;
				GCC_OPTIMIZATION_LEVEL = 0;
				GCC_PREPROCESSOR_DEFINITIONS = (
					"DEBUG=1",
					"$(inherited)",
				);
				GCC_WARN_64_TO_32_BIT_CONVERSION = YES;
				GCC_WARN_ABOUT_RETURN_TYPE = YES_ERROR;
				GCC_WARN_UNDECLARED_SELECTOR = YES;
				GCC_WARN_UNINITIALIZED_AUTOS = YES_AGGRESSIVE;
				GCC_WARN_UNUSED_FUNCTION = YES;
				GCC_WARN_UNUSED_VARIABLE = YES;
				IPHONEOS_DEPLOYMENT_TARGET = 10.3;
				MTL_ENABLE_DEBUG_INFO = YES;
				ONLY_ACTIVE_ARCH = YES;
				SDKROOT = iphoneos;
				SWIFT_ACTIVE_COMPILATION_CONDITIONS = DEBUG;
				SWIFT_OPTIMIZATION_LEVEL = "-Onone";
				TARGETED_DEVICE_FAMILY = "1,2";
			};
			name = Debug;
		};
		75E3FD771F04E50D00D9879B /* Release */ = {
			isa = XCBuildConfiguration;
			buildSettings = {
				ALWAYS_SEARCH_USER_PATHS = NO;
				CLANG_ANALYZER_NONNULL = YES;
				CLANG_ANALYZER_NUMBER_OBJECT_CONVERSION = YES_AGGRESSIVE;
				CLANG_CXX_LANGUAGE_STANDARD = "gnu++0x";
				CLANG_CXX_LIBRARY = "libc++";
				CLANG_ENABLE_MODULES = YES;
				CLANG_ENABLE_OBJC_ARC = YES;
				CLANG_WARN_BOOL_CONVERSION = YES;
				CLANG_WARN_CONSTANT_CONVERSION = YES;
				CLANG_WARN_DIRECT_OBJC_ISA_USAGE = YES_ERROR;
				CLANG_WARN_DOCUMENTATION_COMMENTS = YES;
				CLANG_WARN_EMPTY_BODY = YES;
				CLANG_WARN_ENUM_CONVERSION = YES;
				CLANG_WARN_INFINITE_RECURSION = YES;
				CLANG_WARN_INT_CONVERSION = YES;
				CLANG_WARN_OBJC_ROOT_CLASS = YES_ERROR;
				CLANG_WARN_SUSPICIOUS_MOVE = YES;
				CLANG_WARN_UNREACHABLE_CODE = YES;
				CLANG_WARN__DUPLICATE_METHOD_MATCH = YES;
				"CODE_SIGN_IDENTITY[sdk=iphoneos*]" = "iPhone Developer";
				COPY_PHASE_STRIP = NO;
				DEBUG_INFORMATION_FORMAT = "dwarf-with-dsym";
				ENABLE_NS_ASSERTIONS = NO;
				ENABLE_STRICT_OBJC_MSGSEND = YES;
				GCC_C_LANGUAGE_STANDARD = gnu99;
				GCC_NO_COMMON_BLOCKS = YES;
				GCC_WARN_64_TO_32_BIT_CONVERSION = YES;
				GCC_WARN_ABOUT_RETURN_TYPE = YES_ERROR;
				GCC_WARN_UNDECLARED_SELECTOR = YES;
				GCC_WARN_UNINITIALIZED_AUTOS = YES_AGGRESSIVE;
				GCC_WARN_UNUSED_FUNCTION = YES;
				GCC_WARN_UNUSED_VARIABLE = YES;
				IPHONEOS_DEPLOYMENT_TARGET = 10.3;
				MTL_ENABLE_DEBUG_INFO = NO;
				SDKROOT = iphoneos;
				SWIFT_OPTIMIZATION_LEVEL = "-Owholemodule";
				TARGETED_DEVICE_FAMILY = "1,2";
				VALIDATE_PRODUCT = YES;
			};
			name = Release;
		};
		75E3FD791F04E50D00D9879B /* Debug */ = {
			isa = XCBuildConfiguration;
			buildSettings = {
				ASSETCATALOG_COMPILER_APPICON_NAME = AppIcon;
				DEVELOPMENT_TEAM = WVZ5Q86439;
				FRAMEWORK_SEARCH_PATHS = (
					"$(inherited)",
					"$(PROJECT_DIR)/Carthage/Build/iOS",
				);
				HEADER_SEARCH_PATHS = "$(SRCROOT)ColoredBarsDrawer/**";
				INFOPLIST_FILE = makeImageMosaic/Info.plist;
				LD_RUNPATH_SEARCH_PATHS = "$(inherited) @executable_path/Frameworks";
				PRODUCT_BUNDLE_IDENTIFIER = "-.makeImageMosaic";
				PRODUCT_NAME = "$(TARGET_NAME)";
				SWIFT_VERSION = 3.0;
			};
			name = Debug;
		};
		75E3FD7A1F04E50D00D9879B /* Release */ = {
			isa = XCBuildConfiguration;
			buildSettings = {
				ASSETCATALOG_COMPILER_APPICON_NAME = AppIcon;
				DEVELOPMENT_TEAM = WVZ5Q86439;
				FRAMEWORK_SEARCH_PATHS = (
					"$(inherited)",
					"$(PROJECT_DIR)/Carthage/Build/iOS",
				);
				HEADER_SEARCH_PATHS = "$(SRCROOT)ColoredBarsDrawer/**";
				INFOPLIST_FILE = makeImageMosaic/Info.plist;
				LD_RUNPATH_SEARCH_PATHS = "$(inherited) @executable_path/Frameworks";
				PRODUCT_BUNDLE_IDENTIFIER = "-.makeImageMosaic";
				PRODUCT_NAME = "$(TARGET_NAME)";
				SWIFT_VERSION = 3.0;
			};
			name = Release;
		};
		75E3FD7C1F04E50D00D9879B /* Debug */ = {
			isa = XCBuildConfiguration;
			buildSettings = {
				ALWAYS_EMBED_SWIFT_STANDARD_LIBRARIES = YES;
				BUNDLE_LOADER = "$(TEST_HOST)";
				DEVELOPMENT_TEAM = WVZ5Q86439;
				INFOPLIST_FILE = makeImageMosaicTests/Info.plist;
				LD_RUNPATH_SEARCH_PATHS = "$(inherited) @executable_path/Frameworks @loader_path/Frameworks";
				PRODUCT_BUNDLE_IDENTIFIER = "-.makeImageMosaicTests";
				PRODUCT_NAME = "$(TARGET_NAME)";
				SWIFT_VERSION = 3.0;
				TEST_HOST = "$(BUILT_PRODUCTS_DIR)/makeImageMosaic.app/makeImageMosaic";
			};
			name = Debug;
		};
		75E3FD7D1F04E50D00D9879B /* Release */ = {
			isa = XCBuildConfiguration;
			buildSettings = {
				ALWAYS_EMBED_SWIFT_STANDARD_LIBRARIES = YES;
				BUNDLE_LOADER = "$(TEST_HOST)";
				DEVELOPMENT_TEAM = WVZ5Q86439;
				INFOPLIST_FILE = makeImageMosaicTests/Info.plist;
				LD_RUNPATH_SEARCH_PATHS = "$(inherited) @executable_path/Frameworks @loader_path/Frameworks";
				PRODUCT_BUNDLE_IDENTIFIER = "-.makeImageMosaicTests";
				PRODUCT_NAME = "$(TARGET_NAME)";
				SWIFT_VERSION = 3.0;
				TEST_HOST = "$(BUILT_PRODUCTS_DIR)/makeImageMosaic.app/makeImageMosaic";
			};
			name = Release;
		};
/* End XCBuildConfiguration section */

/* Begin XCConfigurationList section */
		75E3FD561F04E50D00D9879B /* Build configuration list for PBXProject "makeImageMosaic" */ = {
			isa = XCConfigurationList;
			buildConfigurations = (
				75E3FD761F04E50D00D9879B /* Debug */,
				75E3FD771F04E50D00D9879B /* Release */,
			);
			defaultConfigurationIsVisible = 0;
			defaultConfigurationName = Release;
		};
		75E3FD781F04E50D00D9879B /* Build configuration list for PBXNativeTarget "makeImageMosaic" */ = {
			isa = XCConfigurationList;
			buildConfigurations = (
				75E3FD791F04E50D00D9879B /* Debug */,
				75E3FD7A1F04E50D00D9879B /* Release */,
			);
			defaultConfigurationIsVisible = 0;
			defaultConfigurationName = Release;
		};
		75E3FD7B1F04E50D00D9879B /* Build configuration list for PBXNativeTarget "makeImageMosaicTests" */ = {
			isa = XCConfigurationList;
			buildConfigurations = (
				75E3FD7C1F04E50D00D9879B /* Debug */,
				75E3FD7D1F04E50D00D9879B /* Release */,
			);
			defaultConfigurationIsVisible = 0;
			defaultConfigurationName = Release;
		};
/* End XCConfigurationList section */
	};
	rootObject = 75E3FD531F04E50D00D9879B /* Project object */;
}
